
Microsoft Visual Studio Solution File, Format Version 11.00
# Visual Studio 2010
Project("{8BC9CEB8-8B4A-11D0-8D11-00A0C91BC942}") = "Fan", "Fan\Fan.vcxproj", "{703ADA03-5F4D-167C-0955-91B147882EFA}"
EndProject
Project("{8BC9CEB8-8B4A-11D0-8D11-00A0C91BC942}") = "FirstExample", "FirstExample\FirstExample.vcxproj", "{7932219D-6CC9-C621-1086-B36F4A6F1830}"
EndProject
Project("{8BC9CEB8-8B4A-11D0-8D11-00A0C91BC942}") = "GLM_Example", "GLM_Example\GLM_Example.vcxproj", "{CBE06495-879B-2195-4879-50C52D6E2B8B}"
EndProject
Project("{8BC9CEB8-8B4A-11D0-8D11-00A0C91BC942}") = "CubeTransformation", "CubeTransformation\CubeTransformation.vcxproj", "{51DCF2AD-CF29-C1C7-3A30-C339510ECDCF}"
EndProject
Project("{8BC9CEB8-8B4A-11D0-8D11-00A0C91BC942}") = "CarGame0", "CarGame0\CarGame0.vcxproj", "{8AECE714-F057-0121-6953-EA13820B05A9}"
EndProject
Project("{8BC9CEB8-8B4A-11D0-8D11-00A0C91BC942}") = "CarGameToon", "CarGameToon\CarGameToon.vcxproj", "{AB9031BD-D5F4-6EC8-EF61-086E552B005E}"
EndProject
Project("{8BC9CEB8-8B4A-11D0-8D11-00A0C91BC942}") = "CarGame", "CarGame\CarGame.vcxproj", "{CE7C442E-6732-C69E-EFCB-56605E3F7871}"
EndProject
Project("{8BC9CEB8-8B4A-11D0-8D11-00A0C91BC942}") = "DirectionalLightExample", "DirectionalLightExample\DirectionalLightExample.vcxproj", "{38D3D3BE-548C-B19E-516A-C3E7E3FE3AA4}"
EndProject
Project("{8BC9CEB8-8B4A-11D0-8D11-00A0C91BC942}") = "PointLightExample", "PointLightExample\PointLightExample.vcxproj", "{BF5D2F17-3EF7-6831-A828-C2EB47DC17CF}"
EndProject
Project("{8BC9CEB8-8B4A-11D0-8D11-00A0C91BC942}") = "MultiLightsExample", "MultiLightsExample\MultiLightsExample.vcxproj", "{2ABE1887-E170-B362-3818-809F2647E12E}"
EndProject
Global
	GlobalSection(SolutionConfigurationPlatforms) = preSolution
		Debug|Win32 = Debug|Win32
		Release|Win32 = Release|Win32
	EndGlobalSection
	GlobalSection(ProjectConfigurationPlatforms) = postSolution
		{703ADA03-5F4D-167C-0955-91B147882EFA}.Debug|Win32.ActiveCfg = Debug|Win32
		{703ADA03-5F4D-167C-0955-91B147882EFA}.Debug|Win32.Build.0 = Debug|Win32
		{703ADA03-5F4D-167C-0955-91B147882EFA}.Release|Win32.ActiveCfg = Release|Win32
		{703ADA03-5F4D-167C-0955-91B147882EFA}.Release|Win32.Build.0 = Release|Win32
		{7932219D-6CC9-C621-1086-B36F4A6F1830}.Debug|Win32.ActiveCfg = Debug|Win32
		{7932219D-6CC9-C621-1086-B36F4A6F1830}.Debug|Win32.Build.0 = Debug|Win32
		{7932219D-6CC9-C621-1086-B36F4A6F1830}.Release|Win32.ActiveCfg = Release|Win32
		{7932219D-6CC9-C621-1086-B36F4A6F1830}.Release|Win32.Build.0 = Release|Win32
		{CBE06495-879B-2195-4879-50C52D6E2B8B}.Debug|Win32.ActiveCfg = Debug|Win32
		{CBE06495-879B-2195-4879-50C52D6E2B8B}.Debug|Win32.Build.0 = Debug|Win32
		{CBE06495-879B-2195-4879-50C52D6E2B8B}.Release|Win32.ActiveCfg = Release|Win32
		{CBE06495-879B-2195-4879-50C52D6E2B8B}.Release|Win32.Build.0 = Release|Win32
		{51DCF2AD-CF29-C1C7-3A30-C339510ECDCF}.Debug|Win32.ActiveCfg = Debug|Win32
		{51DCF2AD-CF29-C1C7-3A30-C339510ECDCF}.Debug|Win32.Build.0 = Debug|Win32
		{51DCF2AD-CF29-C1C7-3A30-C339510ECDCF}.Release|Win32.ActiveCfg = Release|Win32
		{51DCF2AD-CF29-C1C7-3A30-C339510ECDCF}.Release|Win32.Build.0 = Release|Win32
		{8AECE714-F057-0121-6953-EA13820B05A9}.Debug|Win32.ActiveCfg = Debug|Win32
		{8AECE714-F057-0121-6953-EA13820B05A9}.Debug|Win32.Build.0 = Debug|Win32
		{8AECE714-F057-0121-6953-EA13820B05A9}.Release|Win32.ActiveCfg = Release|Win32
		{8AECE714-F057-0121-6953-EA13820B05A9}.Release|Win32.Build.0 = Release|Win32
		{AB9031BD-D5F4-6EC8-EF61-086E552B005E}.Debug|Win32.ActiveCfg = Debug|Win32
		{AB9031BD-D5F4-6EC8-EF61-086E552B005E}.Debug|Win32.Build.0 = Debug|Win32
		{AB9031BD-D5F4-6EC8-EF61-086E552B005E}.Release|Win32.ActiveCfg = Release|Win32
		{AB9031BD-D5F4-6EC8-EF61-086E552B005E}.Release|Win32.Build.0 = Release|Win32
		{CE7C442E-6732-C69E-EFCB-56605E3F7871}.Debug|Win32.ActiveCfg = Debug|Win32
		{CE7C442E-6732-C69E-EFCB-56605E3F7871}.Debug|Win32.Build.0 = Debug|Win32
		{CE7C442E-6732-C69E-EFCB-56605E3F7871}.Release|Win32.ActiveCfg = Release|Win32
		{CE7C442E-6732-C69E-EFCB-56605E3F7871}.Release|Win32.Build.0 = Release|Win32
		{38D3D3BE-548C-B19E-516A-C3E7E3FE3AA4}.Debug|Win32.ActiveCfg = Debug|Win32
		{38D3D3BE-548C-B19E-516A-C3E7E3FE3AA4}.Debug|Win32.Build.0 = Debug|Win32
		{38D3D3BE-548C-B19E-516A-C3E7E3FE3AA4}.Release|Win32.ActiveCfg = Release|Win32
		{38D3D3BE-548C-B19E-516A-C3E7E3FE3AA4}.Release|Win32.Build.0 = Release|Win32
		{BF5D2F17-3EF7-6831-A828-C2EB47DC17CF}.Debug|Win32.ActiveCfg = Debug|Win32
		{BF5D2F17-3EF7-6831-A828-C2EB47DC17CF}.Debug|Win32.Build.0 = Debug|Win32
		{BF5D2F17-3EF7-6831-A828-C2EB47DC17CF}.Release|Win32.ActiveCfg = Release|Win32
		{BF5D2F17-3EF7-6831-A828-C2EB47DC17CF}.Release|Win32.Build.0 = Release|Win32
		{2ABE1887-E170-B362-3818-809F2647E12E}.Debug|Win32.ActiveCfg = Debug|Win32
		{2ABE1887-E170-B362-3818-809F2647E12E}.Debug|Win32.Build.0 = Debug|Win32
		{2ABE1887-E170-B362-3818-809F2647E12E}.Release|Win32.ActiveCfg = Release|Win32
		{2ABE1887-E170-B362-3818-809F2647E12E}.Release|Win32.Build.0 = Release|Win32
	EndGlobalSection
	GlobalSection(SolutionProperties) = preSolution
		HideSolutionNode = FALSE
	EndGlobalSection
EndGlobal
