<?xml version="1.0" encoding="utf-8"?>
<Project ToolsVersion="4.0" xmlns="http://schemas.microsoft.com/developer/msbuild/2003">
  <ItemGroup>
    <Filter Include="Source Files">
      <UniqueIdentifier>{23d1dc1c-39da-4928-aa81-5518a93af6a6}</UniqueIdentifier>
    </Filter>
  </ItemGroup>
  <ItemGroup>
    <ClCompile Include="Fan_main.cpp">
      <Filter>Source Files</Filter>
    </ClCompile>
    <ClCompile Include="..\BaseCodes\Camera.cpp">
      <Filter>Source Files</Filter>
    </ClCompile>
    <ClCompile Include="..\BaseCodes\InitShader.cpp">
      <Filter>Source Files</Filter>
    </ClCompile>
    <ClCompile Include="..\BaseCodes\GroundObj.cpp">
      <Filter>Source Files</Filter>
    </ClCompile>
    <ClCompile Include="FanObjects.cpp">
      <Filter>Source Files</Filter>
    </ClCompile>
    <ClCompile Include="FanApp.cpp">
      <Filter>Source Files</Filter>
    </ClCompile>
  </ItemGroup>
  <ItemGroup>
    <None Include="..\Shader\fshader.glsl">
      <Filter>Source Files</Filter>
    </None>
    <None Include="..\Shader\vshader.glsl">
      <Filter>Source Files</Filter>
    </None>
  </ItemGroup>
  <ItemGroup>
    <ClInclude Include="..\BaseCodes\Camera.h">
      <Filter>Source Files</Filter>
    </ClInclude>
    <ClInclude Include="..\BaseCodes\InitShader.h">
      <Filter>Source Files</Filter>
    </ClInclude>
    <ClInclude Include="..\BaseCodes\GroundObj.h">
      <Filter>Source Files</Filter>
    </ClInclude>
    <ClInclude Include="FanObjects.h">
      <Filter>Source Files</Filter>
    </ClInclude>
    <ClInclude Include="FanApp.h">
      <Filter>Source Files</Filter>
    </ClInclude>
  </ItemGroup>
</Project>